GEM
  remote: https://rubygems.org/
  specs:
    nio4r (2.7.5)
    puma (7.2.0)
      nio4r (~> 2.0)

PLATFORMS
  arm64-darwin

DEPENDENCIES
  puma (>= 5.0)

CHECKSUMS
  nio4r (2.7.5) sha256=6c90168e48fb5f8e768419c93abb94ba2b892a1d0602cb06eef16d8b7df1dca1
  puma (7.2.0) sha256=bf8ef4ab514a4e6d4554cb4326b2004eba5036ae05cf765cfe51aba9706a72a8

BUNDLED WITH
  4.0.7
